
Microsoft Visual Studio Solution File, Format Version 12.00
Project("{FAE04EC0-301F-11D3-BF4B-00C04F79EFBC}") = "Task1", "Task1\Task1.csproj", "{9808086D-5B02-4C36-889A-8B09DC299BE7}"
EndProject
Project("{FAE04EC0-301F-11D3-BF4B-00C04F79EFBC}") = "Task2", "Task2\Task2.csproj", "{59918382-387F-40D7-8434-0E0B30A90F91}"
EndProject
Project("{FAE04EC0-301F-11D3-BF4B-00C04F79EFBC}") = "Task3", "Task3\Task3.csproj", "{59423FF5-D3BD-43E4-AE85-F8CF06FC0D18}"
EndProject
Project("{FAE04EC0-301F-11D3-BF4B-00C04F79EFBC}") = "Task4", "Task4\Task4.csproj", "{0E56B45B-A052-4C3B-B98F-95B959293548}"
EndProject
Project("{FAE04EC0-301F-11D3-BF4B-00C04F79EFBC}") = "Task5", "Task5\Task5.csproj", "{76DE344D-8DF8-4F7B-A326-EFDDC0B96417}"
EndProject
Project("{FAE04EC0-301F-11D3-BF4B-00C04F79EFBC}") = "Task6", "Task6\Task6.csproj", "{2C8124DA-A605-47AE-AC35-B08349014535}"
EndProject
Project("{FAE04EC0-301F-11D3-BF4B-00C04F79EFBC}") = "Task7", "Task7\Task7.csproj", "{D6E11EDF-DBC4-4533-9950-7755240E672A}"
EndProject
Project("{FAE04EC0-301F-11D3-BF4B-00C04F79EFBC}") = "Task8", "Task8\Task8.csproj", "{8220B601-E340-4B45-87FE-AAC612C107E5}"
EndProject
Global
	GlobalSection(SolutionConfigurationPlatforms) = preSolution
		Debug|Any CPU = Debug|Any CPU
		Release|Any CPU = Release|Any CPU
	EndGlobalSection
	GlobalSection(ProjectConfigurationPlatforms) = postSolution
		{9808086D-5B02-4C36-889A-8B09DC299BE7}.Debug|Any CPU.ActiveCfg = Debug|Any CPU
		{9808086D-5B02-4C36-889A-8B09DC299BE7}.Debug|Any CPU.Build.0 = Debug|Any CPU
		{9808086D-5B02-4C36-889A-8B09DC299BE7}.Release|Any CPU.ActiveCfg = Release|Any CPU
		{9808086D-5B02-4C36-889A-8B09DC299BE7}.Release|Any CPU.Build.0 = Release|Any CPU
		{59918382-387F-40D7-8434-0E0B30A90F91}.Debug|Any CPU.ActiveCfg = Debug|Any CPU
		{59918382-387F-40D7-8434-0E0B30A90F91}.Debug|Any CPU.Build.0 = Debug|Any CPU
		{59918382-387F-40D7-8434-0E0B30A90F91}.Release|Any CPU.ActiveCfg = Release|Any CPU
		{59918382-387F-40D7-8434-0E0B30A90F91}.Release|Any CPU.Build.0 = Release|Any CPU
		{59423FF5-D3BD-43E4-AE85-F8CF06FC0D18}.Debug|Any CPU.ActiveCfg = Debug|Any CPU
		{59423FF5-D3BD-43E4-AE85-F8CF06FC0D18}.Debug|Any CPU.Build.0 = Debug|Any CPU
		{59423FF5-D3BD-43E4-AE85-F8CF06FC0D18}.Release|Any CPU.ActiveCfg = Release|Any CPU
		{59423FF5-D3BD-43E4-AE85-F8CF06FC0D18}.Release|Any CPU.Build.0 = Release|Any CPU
		{0E56B45B-A052-4C3B-B98F-95B959293548}.Debug|Any CPU.ActiveCfg = Debug|Any CPU
		{0E56B45B-A052-4C3B-B98F-95B959293548}.Debug|Any CPU.Build.0 = Debug|Any CPU
		{0E56B45B-A052-4C3B-B98F-95B959293548}.Release|Any CPU.ActiveCfg = Release|Any CPU
		{0E56B45B-A052-4C3B-B98F-95B959293548}.Release|Any CPU.Build.0 = Release|Any CPU
		{76DE344D-8DF8-4F7B-A326-EFDDC0B96417}.Debug|Any CPU.ActiveCfg = Debug|Any CPU
		{76DE344D-8DF8-4F7B-A326-EFDDC0B96417}.Debug|Any CPU.Build.0 = Debug|Any CPU
		{76DE344D-8DF8-4F7B-A326-EFDDC0B96417}.Release|Any CPU.ActiveCfg = Release|Any CPU
		{76DE344D-8DF8-4F7B-A326-EFDDC0B96417}.Release|Any CPU.Build.0 = Release|Any CPU
		{2C8124DA-A605-47AE-AC35-B08349014535}.Debug|Any CPU.ActiveCfg = Debug|Any CPU
		{2C8124DA-A605-47AE-AC35-B08349014535}.Debug|Any CPU.Build.0 = Debug|Any CPU
		{2C8124DA-A605-47AE-AC35-B08349014535}.Release|Any CPU.ActiveCfg = Release|Any CPU
		{2C8124DA-A605-47AE-AC35-B08349014535}.Release|Any CPU.Build.0 = Release|Any CPU
		{D6E11EDF-DBC4-4533-9950-7755240E672A}.Debug|Any CPU.ActiveCfg = Debug|Any CPU
		{D6E11EDF-DBC4-4533-9950-7755240E672A}.Debug|Any CPU.Build.0 = Debug|Any CPU
		{D6E11EDF-DBC4-4533-9950-7755240E672A}.Release|Any CPU.ActiveCfg = Release|Any CPU
		{D6E11EDF-DBC4-4533-9950-7755240E672A}.Release|Any CPU.Build.0 = Release|Any CPU
		{8220B601-E340-4B45-87FE-AAC612C107E5}.Debug|Any CPU.ActiveCfg = Debug|Any CPU
		{8220B601-E340-4B45-87FE-AAC612C107E5}.Debug|Any CPU.Build.0 = Debug|Any CPU
		{8220B601-E340-4B45-87FE-AAC612C107E5}.Release|Any CPU.ActiveCfg = Release|Any CPU
		{8220B601-E340-4B45-87FE-AAC612C107E5}.Release|Any CPU.Build.0 = Release|Any CPU
	EndGlobalSection
EndGlobal
