
Microsoft Visual Studio Solution File, Format Version 12.00
Project("{FAE04EC0-301F-11D3-BF4B-00C04F79EFBC}") = "Task1", "Task1\Task1.csproj", "{4E0929E1-67EA-4656-AC79-5267283FC5D6}"
EndProject
Project("{FAE04EC0-301F-11D3-BF4B-00C04F79EFBC}") = "Task2", "Task2\Task2.csproj", "{B6245B8B-4A8B-404C-91D8-117791D941B2}"
EndProject
Project("{FAE04EC0-301F-11D3-BF4B-00C04F79EFBC}") = "Task3", "Task3\Task3.csproj", "{25881372-8CB4-4F9B-B644-B49A159EC478}"
EndProject
Global
	GlobalSection(SolutionConfigurationPlatforms) = preSolution
		Debug|Any CPU = Debug|Any CPU
		Release|Any CPU = Release|Any CPU
	EndGlobalSection
	GlobalSection(ProjectConfigurationPlatforms) = postSolution
		{4E0929E1-67EA-4656-AC79-5267283FC5D6}.Debug|Any CPU.ActiveCfg = Debug|Any CPU
		{4E0929E1-67EA-4656-AC79-5267283FC5D6}.Debug|Any CPU.Build.0 = Debug|Any CPU
		{4E0929E1-67EA-4656-AC79-5267283FC5D6}.Release|Any CPU.ActiveCfg = Release|Any CPU
		{4E0929E1-67EA-4656-AC79-5267283FC5D6}.Release|Any CPU.Build.0 = Release|Any CPU
		{B6245B8B-4A8B-404C-91D8-117791D941B2}.Debug|Any CPU.ActiveCfg = Debug|Any CPU
		{B6245B8B-4A8B-404C-91D8-117791D941B2}.Debug|Any CPU.Build.0 = Debug|Any CPU
		{B6245B8B-4A8B-404C-91D8-117791D941B2}.Release|Any CPU.ActiveCfg = Release|Any CPU
		{B6245B8B-4A8B-404C-91D8-117791D941B2}.Release|Any CPU.Build.0 = Release|Any CPU
		{25881372-8CB4-4F9B-B644-B49A159EC478}.Debug|Any CPU.ActiveCfg = Debug|Any CPU
		{25881372-8CB4-4F9B-B644-B49A159EC478}.Debug|Any CPU.Build.0 = Debug|Any CPU
		{25881372-8CB4-4F9B-B644-B49A159EC478}.Release|Any CPU.ActiveCfg = Release|Any CPU
		{25881372-8CB4-4F9B-B644-B49A159EC478}.Release|Any CPU.Build.0 = Release|Any CPU
	EndGlobalSection
EndGlobal
